{
  "name": "drift-fixture",
  "version": "1.0.0",
  "lockfileVersion": 3,
  "packages": {
    "": {
      "name": "drift-fixture",
      "version": "1.0.0",
      "dependencies": {
        "depsnort-fixture-drift": "^1.6.2",
        "depsnort-fixture-stable": "^3.0.0"
      }
    },
    "node_modules/depsnort-fixture-drift": {
      "version": "1.6.3",
      "hasInstallScript": true,
      "resolved": "https://registry.npmjs.org/depsnort-fixture-drift/-/depsnort-fixture-drift-1.6.3.tgz"
    },
    "node_modules/depsnort-fixture-stable": {
      "version": "3.0.0",
      "resolved": "https://registry.npmjs.org/depsnort-fixture-stable/-/depsnort-fixture-stable-3.0.0.tgz"
    }
  },
  "comment": "The CANDIDATE side of the VC-010 drift pair: the same tree one patch release later. depsnort-fixture-drift 1.6.3 kept the postinstall it had at 1.6.2 and added named-credential access and network egress to it. depsnort-fixture-stable is unchanged and must produce no drift finding. Both names were VERIFIED absent from the npm registry (D-16)."
}
