{
  "name": "drift-fixture",
  "version": "1.0.0",
  "lockfileVersion": 3,
  "packages": {
    "": {
      "name": "drift-fixture",
      "version": "1.0.0",
      "dependencies": {
        "depsnort-fixture-drift": "^1.6.2",
        "depsnort-fixture-stable": "^3.0.0"
      }
    },
    "node_modules/depsnort-fixture-drift": {
      "version": "1.6.2",
      "hasInstallScript": true,
      "resolved": "https://registry.npmjs.org/depsnort-fixture-drift/-/depsnort-fixture-drift-1.6.2.tgz"
    },
    "node_modules/depsnort-fixture-stable": {
      "version": "3.0.0",
      "resolved": "https://registry.npmjs.org/depsnort-fixture-stable/-/depsnort-fixture-stable-3.0.0.tgz"
    }
  },
  "comment": "The KNOWN-GOOD side of the VC-010 drift pair. depsnort-fixture-drift 1.6.2 declares a postinstall that only builds locally: no network, no credentials. Its 1.6.3 counterpart in ../drift-candidate is the same package after a patch release that acquired both. Both names were VERIFIED absent from the npm registry (D-16)."
}
