# This file is automatically @generated by Cargo.
# It is not intended for manual editing.
#
# The DS-REV-02 reproduction. `app` selects harbor-dupe 1.0.0 while 2.0.0 is
# also in the lock (pulled in by mid-crate), so Cargo qualifies the dependency
# with its version. `harbor-forked` exists twice at the SAME version from two
# different sources — registry and git — which Cargo disambiguates with the
# source too. Resolving either by name alone connects a parent to packages it
# does not depend on.
#
# Every crate name here was verified non-existent on crates.io (D-16).
version = 3

[[package]]
name = "app"
version = "0.1.0"
dependencies = [
 "harbor-dupe 1.0.0 (registry+https://github.com/rust-lang/crates.io-index)",
 "harbor-forked 0.3.0 (registry+https://github.com/rust-lang/crates.io-index)",
 "mid-crate",
]

[[package]]
name = "harbor-dupe"
version = "1.0.0"
source = "registry+https://github.com/rust-lang/crates.io-index"

[[package]]
name = "harbor-dupe"
version = "2.0.0"
source = "registry+https://github.com/rust-lang/crates.io-index"

[[package]]
name = "harbor-forked"
version = "0.3.0"
source = "registry+https://github.com/rust-lang/crates.io-index"

[[package]]
name = "harbor-forked"
version = "0.3.0"
source = "git+https://github.com/example-invalid/harbor-forked?rev=9f1c0de#9f1c0de"

[[package]]
name = "mid-crate"
version = "0.5.0"
source = "registry+https://github.com/rust-lang/crates.io-index"
dependencies = [
 "harbor-dupe 2.0.0 (registry+https://github.com/rust-lang/crates.io-index)",
]
