{
  "name": "depsnort-fixture-root",
  "version": "0.0.0",
  "lockfileVersion": 3,
  "requires": true,
  "packages": {
    "": {
      "name": "depsnort-fixture-root",
      "version": "0.0.0",
      "dependencies": { "depsnort-fixture-layer1": "1.0.0" }
    },
    "node_modules/depsnort-fixture-layer1": {
      "version": "1.0.0",
      "dependencies": { "depsnort-fixture-poisoned-core": "2.1.0" }
    },
    "node_modules/depsnort-fixture-poisoned-core": {
      "version": "2.1.0",
      "hasInstallScript": true,
      "resolved": "https://registry.npmjs.org/depsnort-fixture-poisoned-core/-/depsnort-fixture-poisoned-core-2.1.0.tgz"
    }
  },
  "comment": "Synthetic. depsnort-fixture-* names were chosen to not collide with real registry packages (fixture-naming rule, D-16). The payload sits at depth 2, reachable only through layer1, to exercise install-surface detection past the directly-declared layer."
}
