{
  "name": "depsnort-realworld-fixture",
  "version": "1.0.0",
  "lockfileVersion": 3,
  "requires": true,
  "comment": "Real npm packages pinned to real, publicly-disclosed vulnerable versions. Used to exercise live OSV and registry lookups end to end. None of these are malicious; they are ordinary outdated releases with known CVEs.",
  "packages": {
    "": {
      "name": "depsnort-realworld-fixture",
      "version": "1.0.0",
      "dependencies": {
        "lodash": "4.17.15",
        "minimist": "1.2.5",
        "axios": "0.21.0",
        "node-fetch": "2.6.0",
        "glob-parent": "5.1.1",
        "tar": "4.4.13",
        "ws": "7.4.0",
        "express": "4.17.1"
      }
    },
    "node_modules/lodash": {
      "version": "4.17.15",
      "resolved": "https://registry.npmjs.org/lodash/-/lodash-4.17.15.tgz"
    },
    "node_modules/minimist": {
      "version": "1.2.5",
      "resolved": "https://registry.npmjs.org/minimist/-/minimist-1.2.5.tgz"
    },
    "node_modules/axios": {
      "version": "0.21.0",
      "resolved": "https://registry.npmjs.org/axios/-/axios-0.21.0.tgz",
      "dependencies": {
        "follow-redirects": "1.13.0"
      }
    },
    "node_modules/follow-redirects": {
      "version": "1.13.0",
      "resolved": "https://registry.npmjs.org/follow-redirects/-/follow-redirects-1.13.0.tgz"
    },
    "node_modules/node-fetch": {
      "version": "2.6.0",
      "resolved": "https://registry.npmjs.org/node-fetch/-/node-fetch-2.6.0.tgz"
    },
    "node_modules/glob-parent": {
      "version": "5.1.1",
      "resolved": "https://registry.npmjs.org/glob-parent/-/glob-parent-5.1.1.tgz"
    },
    "node_modules/tar": {
      "version": "4.4.13",
      "resolved": "https://registry.npmjs.org/tar/-/tar-4.4.13.tgz"
    },
    "node_modules/ws": {
      "version": "7.4.0",
      "resolved": "https://registry.npmjs.org/ws/-/ws-7.4.0.tgz"
    },
    "node_modules/express": {
      "version": "4.17.1",
      "resolved": "https://registry.npmjs.org/express/-/express-4.17.1.tgz",
      "dependencies": {
        "qs": "6.7.0"
      }
    },
    "node_modules/qs": {
      "version": "6.7.0",
      "resolved": "https://registry.npmjs.org/qs/-/qs-6.7.0.tgz"
    }
  }
}
