{
  "name": "depsnort-fixture",
  "version": "1.0.0",
  "lockfileVersion": 3,
  "requires": true,
  "packages": {
    "": {
      "name": "depsnort-fixture",
      "version": "1.0.0",
      "dependencies": {
        "express": "^4.0.0",
        "@scope/util": "^2.0.0"
      }
    },
    "node_modules/express": {
      "version": "4.19.2",
      "dependencies": {
        "send": "^0.18.0",
        "mime": "^1.6.0"
      }
    },
    "node_modules/express/node_modules/mime": {
      "version": "1.6.0"
    },
    "node_modules/send": {
      "version": "0.18.0"
    },
    "node_modules/@scope/util": {
      "name": "@scope/util",
      "version": "2.0.1",
      "hasInstallScript": true,
      "dependencies": {
        "send": "^0.18.0"
      }
    }
  }
}
