{
  "name": "wormy-fixture",
  "version": "1.0.0",
  "lockfileVersion": 3,
  "packages": {
    "": {
      "name": "wormy-fixture",
      "version": "1.0.0",
      "dependencies": {
        "depsnort-fixture-evil": "^1.0.0",
        "depsnort-fixture-native": "^2.0.0"
      }
    },
    "node_modules/depsnort-fixture-evil": {
      "version": "1.0.0",
      "hasInstallScript": true,
      "resolved": "https://registry.npmjs.org/depsnort-fixture-evil/-/depsnort-fixture-evil-1.0.0.tgz"
    },
    "node_modules/depsnort-fixture-native": {
      "version": "2.0.0",
      "hasInstallScript": true,
      "resolved": "https://registry.npmjs.org/depsnort-fixture-native/-/depsnort-fixture-native-2.0.0.tgz"
    }
  },
  "comment": "Synthetic fixture. Package names are deliberately namespaced and were VERIFIED absent from both the npm registry and OSV. An earlier revision used 'evil-pkg', which turned out to be a REAL package carrying a real malware advisory (MAL-2026-6374) - so the fixture's results silently depended on external state. Fixture names must never collide with real packages."
}
