{
  "name": "withpeer", "version": "1.0.0", "lockfileVersion": 3,
  "packages": {
    "": { "name": "withpeer", "version": "1.0.0",
      "dependencies": { "react-konva": "^18.0.0" } },
    "node_modules/react-konva": { "version": "18.2.10",
      "peerDependencies": { "konva": "^9.0.0" } },
    "node_modules/konva": { "version": "9.2.1" }
  }
}
