{
  "name": "withdev", "version": "1.0.0", "lockfileVersion": 3,
  "packages": {
    "": { "name": "withdev", "version": "1.0.0",
      "dependencies": { "prod-dep": "^1.0.0" },
      "devDependencies": { "dev-tool": "^2.0.0" } },
    "node_modules/prod-dep": { "version": "1.0.0",
      "dependencies": { "prod-sub": "^1.0.0" } },
    "node_modules/prod-sub": { "version": "1.0.0" },
    "node_modules/dev-tool": { "version": "2.0.0", "dev": true,
      "dependencies": { "dev-sub": "^1.0.0" },
      "devDependencies": { "never-installed": "^9.0.0" } },
    "node_modules/dev-sub": { "version": "1.0.0", "dev": true },
    "node_modules/never-installed": { "version": "9.0.0" }
  }
}
