{
  "name": "depsnort-fixture-v1",
  "version": "1.0.0",
  "lockfileVersion": 1,
  "requires": true,
  "dependencies": {
    "express": {
      "version": "4.19.2",
      "requires": {
        "send": "^0.18.0",
        "mime": "^1.6.0"
      },
      "dependencies": {
        "mime": {
          "version": "1.6.0"
        }
      }
    },
    "send": {
      "version": "0.18.0"
    },
    "@scope/util": {
      "version": "2.0.1",
      "requires": {
        "send": "^0.18.0"
      }
    }
  }
}
