{
  "version": 1,
  "dependencies": {
    "net6.0": {
      "Microsoft.Extensions.Logging": {
        "type": "Direct",
        "requested": "[6.0.0, )",
        "resolved": "6.0.0",
        "contentHash": "aaa",
        "dependencies": {}
      }
    },
    "net8.0": {
      "Microsoft.Extensions.Logging": {
        "type": "Direct",
        "requested": "[8.0.0, )",
        "resolved": "8.0.0",
        "contentHash": "bbb",
        "dependencies": {}
      }
    }
  }
}
