{
  "name": "test-project",
  "version": "0.0.0",
  "lockfileVersion": 3,
  "requires": true,
  "packages": {
    "": {
      "name": "test-project",
      "version": "0.0.0",
      "dependencies": {
        "adversarial-exfil": "1.0.0"
      }
    },
    "node_modules/adversarial-exfil": {
      "version": "1.0.0",
      "hasInstallScript": true
    }
  }
}
